
Microsoft Visual Studio Solution File, Format Version 12.00
# Visual Studio Version 16
VisualStudioVersion = 16.0.29613.14
MinimumVisualStudioVersion = 10.0.40219.1
Project("{FAE04EC0-301F-11D3-BF4B-00C04F79EFBC}") = "BusinessProject", "BusinessProject\BusinessProject.csproj", "{FBBE37DE-1179-49FA-A935-4C31FF9965F0}"
EndProject
Global
	GlobalSection(SolutionConfigurationPlatforms) = preSolution
		Debug|Any CPU = Debug|Any CPU
		Release|Any CPU = Release|Any CPU
	EndGlobalSection
	GlobalSection(ProjectConfigurationPlatforms) = postSolution
		{FBBE37DE-1179-49FA-A935-4C31FF9965F0}.Debug|Any CPU.ActiveCfg = Debug|Any CPU
		{FBBE37DE-1179-49FA-A935-4C31FF9965F0}.Debug|Any CPU.Build.0 = Debug|Any CPU
		{FBBE37DE-1179-49FA-A935-4C31FF9965F0}.Release|Any CPU.ActiveCfg = Release|Any CPU
		{FBBE37DE-1179-49FA-A935-4C31FF9965F0}.Release|Any CPU.Build.0 = Release|Any CPU
	EndGlobalSection
	GlobalSection(SolutionProperties) = preSolution
		HideSolutionNode = FALSE
	EndGlobalSection
	GlobalSection(ExtensibilityGlobals) = postSolution
		SolutionGuid = {4862A2C1-3738-4B7A-8E48-0B7DC45635B0}
	EndGlobalSection
EndGlobal
